# Generated by pub
# See https://dart.dev/tools/pub/glossary#lockfile
packages:
  collection:
    dependency: transitive
    description:
      name: collection
      sha256: a1ace0a119f20aabc852d165077c036cd864315bd99b7eaa10a60100341941bf
      url: "https://pub.dev"
    source: hosted
    version: "1.19.0"
  elemental:
    dependency: "direct main"
    description:
      name: elemental
      sha256: d93d4e4216e46513b8130fa5a521e97bf6028dcea52841e091cd27a6727a190f
      url: "https://pub.dev"
    source: hosted
    version: "0.2.1"
  fast_immutable_collections:
    dependency: transitive
    description:
      name: fast_immutable_collections
      sha256: b910ccdc99bb38a2abbce07c5afb8f81d4e222a892e4d095a548b99814837b0c
      url: "https://pub.dev"
    source: hosted
    version: "9.2.1"
  lints:
    dependency: "direct dev"
    description:
      name: lints
      sha256: "976c774dd944a42e83e2467f4cc670daef7eed6295b10b36ae8c85bcbf828235"
      url: "https://pub.dev"
    source: hosted
    version: "4.0.0"
  meta:
    dependency: transitive
    description:
      name: meta
      sha256: bdb68674043280c3428e9ec998512fb681678676b3c54e773629ffe74419f8c7
      url: "https://pub.dev"
    source: hosted
    version: "1.15.0"
  nucleus:
    dependency: transitive
    description:
      name: nucleus
      sha256: "5b81c7d3ee09b91688332780812c1bdb2463789a727be885e4c75d36d6099d05"
      url: "https://pub.dev"
    source: hosted
    version: "0.4.1"
sdks:
  dart: ">=3.4.0 <4.0.0"
